
Microsoft Visual Studio Solution File, Format Version 12.00
# Visual Studio 2012
Project("{8BC9CEB8-8B4A-11D0-8D11-00A0C91BC942}") = "WPL", "WPL\WPL.vcxproj", "{21A52BBF-3872-419A-BB4C-8AFDBBB71330}"
EndProject
Global
	GlobalSection(SolutionConfigurationPlatforms) = preSolution
		Debug|Win32 = Debug|Win32
		Release|Win32 = Release|Win32
	EndGlobalSection
	GlobalSection(ProjectConfigurationPlatforms) = postSolution
		{21A52BBF-3872-419A-BB4C-8AFDBBB71330}.Debug|Win32.ActiveCfg = Debug|Win32
		{21A52BBF-3872-419A-BB4C-8AFDBBB71330}.Debug|Win32.Build.0 = Debug|Win32
		{21A52BBF-3872-419A-BB4C-8AFDBBB71330}.Release|Win32.ActiveCfg = Release|Win32
		{21A52BBF-3872-419A-BB4C-8AFDBBB71330}.Release|Win32.Build.0 = Release|Win32
	EndGlobalSection
	GlobalSection(SolutionProperties) = preSolution
		HideSolutionNode = FALSE
	EndGlobalSection
EndGlobal
